// !$*UTF8*$!
{
	archiveVersion = 1;
	classes = {
	};
	objectVersion = 50;
	objects = {

/* Begin PBXBuildFile section */
		F29A6FB42148BD5400A2653E /* AppDelegate.m in Sources */ = {isa = PBXBuildFile; fileRef = F29A6FB32148BD5400A2653E /* AppDelegate.m */; };
		F29A6FB72148BD5400A2653E /* ViewController.m in Sources */ = {isa = PBXBuildFile; fileRef = F29A6FB62148BD5400A2653E /* ViewController.m */; };
		F29A6FBA2148BD5400A2653E /* Main.storyboard in Resources */ = {isa = PBXBuildFile; fileRef = F29A6FB82148BD5400A2653E /* Main.storyboard */; };
		F29A6FBC2148BD5A00A2653E /* Assets.xcassets in Resources */ = {isa = PBXBuildFile; fileRef = F29A6FBB2148BD5A00A2653E /* Assets.xcassets */; };
		F29A6FBF2148BD5A00A2653E /* LaunchScreen.storyboard in Resources */ = {isa = PBXBuildFile; fileRef = F29A6FBD2148BD5A00A2653E /* LaunchScreen.storyboard */; };
		F29A6FC22148BD5B00A2653E /* main.m in Sources */ = {isa = PBXBuildFile; fileRef = F29A6FC12148BD5B00A2653E /* main.m */; };
		F29A6FCC2148BD5B00A2653E /* testTests.m in Sources */ = {isa = PBXBuildFile; fileRef = F29A6FCB2148BD5B00A2653E /* testTests.m */; };
		F29A6FD72148BD5B00A2653E /* testUITests.m in Sources */ = {isa = PBXBuildFile; fileRef = F29A6FD62148BD5B00A2653E /* testUITests.m */; };
/* End PBXBuildFile section */

/* Begin PBXContainerItemProxy section */
		F29A6FC82148BD5B00A2653E /* PBXContainerItemProxy */ = {
			isa = PBXContainerItemProxy;
			containerPortal = F29A6FA72148BD5400A2653E /* Project object */;
			proxyType = 1;
			remoteGlobalIDString = F29A6FAE2148BD5400A2653E;
			remoteInfo = test;
		};
		F29A6FD32148BD5B00A2653E /* PBXContainerItemProxy */ = {
			isa = PBXContainerItemProxy;
			containerPortal = F29A6FA72148BD5400A2653E /* Project object */;
			proxyType = 1;
			remoteGlobalIDString = F29A6FAE2148BD5400A2653E;
			remoteInfo = test;
		};
/* End PBXContainerItemProxy section */

/* Begin PBXFileReference section */
		F29A6FAF2148BD5400A2653E /* test.app */ = {isa = PBXFileReference; explicitFileType = wrapper.application; includeInIndex = 0; path = test.app; sourceTree = BUILT_PRODUCTS_DIR; };
		F29A6FB22148BD5400A2653E /* AppDelegate.h */ = {isa = PBXFileReference; lastKnownFileType = sourcecode.c.h; path = AppDelegate.h; sourceTree = "<group>"; };
		F29A6FB32148BD5400A2653E /* AppDelegate.m */ = {isa = PBXFileReference; lastKnownFileType = sourcecode.c.objc; path = AppDelegate.m; sourceTree = "<group>"; };
		F29A6FB52148BD5400A2653E /* ViewController.h */ = {isa = PBXFileReference; lastKnownFileType = sourcecode.c.h; path = ViewController.h; sourceTree = "<group>"; };
		F29A6FB62148BD5400A2653E /* ViewController.m */ = {isa = PBXFileReference; lastKnownFileType = sourcecode.c.objc; path = ViewController.m; sourceTree = "<group>"; };
		F29A6FB92148BD5400A2653E /* Base */ = {isa = PBXFileReference; lastKnownFileType = file.storyboard; name = Base; path = Base.lproj/Main.storyboard; sourceTree = "<group>"; };
		F29A6FBB2148BD5A00A2653E /* Assets.xcassets */ = {isa = PBXFileReference; lastKnownFileType = folder.assetcatalog; path = Assets.xcassets; sourceTree = "<group>"; };
		F29A6FBE2148BD5A00A2653E /* Base */ = {isa = PBXFileReference; lastKnownFileType = file.storyboard; name = Base; path = Base.lproj/LaunchScreen.storyboard; sourceTree = "<group>"; };
		F29A6FC02148BD5B00A2653E /* Info.plist */ = {isa = PBXFileReference; lastKnownFileType = text.plist.xml; path = Info.plist; sourceTree = "<group>"; };
		F29A6FC12148BD5B00A2653E /* main.m */ = {isa = PBXFileReference; lastKnownFileType = sourcecode.c.objc; path = main.m; sourceTree = "<group>"; };
		F29A6FC72148BD5B00A2653E /* testTests.xctest */ = {isa = PBXFileReference; explicitFileType = wrapper.cfbundle; includeInIndex = 0; path = testTests.xctest; sourceTree = BUILT_PRODUCTS_DIR; };
		F29A6FCB2148BD5B00A2653E /* testTests.m */ = {isa = PBXFileReference; lastKnownFileType = sourcecode.c.objc; path = testTests.m; sourceTree = "<group>"; };
		F29A6FCD2148BD5B00A2653E /* Info.plist */ = {isa = PBXFileReference; lastKnownFileType = text.plist.xml; path = Info.plist; sourceTree = "<group>"; };
		F29A6FD22148BD5B00A2653E /* testUITests.xctest */ = {isa = PBXFileReference; explicitFileType = wrapper.cfbundle; includeInIndex = 0; path = testUITests.xctest; sourceTree = BUILT_PRODUCTS_DIR; };
		F29A6FD62148BD5B00A2653E /* testUITests.m */ = {isa = PBXFileReference; lastKnownFileType = sourcecode.c.objc; path = testUITests.m; sourceTree = "<group>"; };
		F29A6FD82148BD5B00A2653E /* Info.plist */ = {isa = PBXFileReference; lastKnownFileType = text.plist.xml; path = Info.plist; sourceTree = "<group>"; };
/* End PBXFileReference section */

/* Begin PBXFrameworksBuildPhase section */
		F29A6FAC2148BD5400A2653E /* Frameworks */ = {
			isa = PBXFrameworksBuildPhase;
			buildActionMask = 2147483647;
			files = (
			);
			runOnlyForDeploymentPostprocessing = 0;
		};
		F29A6FC42148BD5B00A2653E /* Frameworks */ = {
			isa = PBXFrameworksBuildPhase;
			buildActionMask = 2147483647;
			files = (
			);
			runOnlyForDeploymentPostprocessing = 0;
		};
		F29A6FCF2148BD5B00A2653E /* Frameworks */ = {
			isa = PBXFrameworksBuildPhase;
			buildActionMask = 2147483647;
			files = (
			);
			runOnlyForDeploymentPostprocessing = 0;
		};
/* End PBXFrameworksBuildPhase section */

/* Begin PBXGroup section */
		F29A6FA62148BD5400A2653E = {
			isa = PBXGroup;
			children = (
				F29A6FB12148BD5400A2653E /* test */,
				F29A6FCA2148BD5B00A2653E /* testTests */,
				F29A6FD52148BD5B00A2653E /* testUITests */,
				F29A6FB02148BD5400A2653E /* Products */,
			);
			sourceTree = "<group>";
		};
		F29A6FB02148BD5400A2653E /* Products */ = {
			isa = PBXGroup;
			children = (
				F29A6FAF2148BD5400A2653E /* test.app */,
				F29A6FC72148BD5B00A2653E /* testTests.xctest */,
				F29A6FD22148BD5B00A2653E /* testUITests.xctest */,
			);
			name = Products;
			sourceTree = "<group>";
		};
		F29A6FB12148BD5400A2653E /* test */ = {
			isa = PBXGroup;
			children = (
				F29A6FB22148BD5400A2653E /* AppDelegate.h */,
				F29A6FB32148BD5400A2653E /* AppDelegate.m */,
				F29A6FB52148BD5400A2653E /* ViewController.h */,
				F29A6FB62148BD5400A2653E /* ViewController.m */,
				F29A6FB82148BD5400A2653E /* Main.storyboard */,
				F29A6FBB2148BD5A00A2653E /* Assets.xcassets */,
				F29A6FBD2148BD5A00A2653E /* LaunchScreen.storyboard */,
				F29A6FC02148BD5B00A2653E /* Info.plist */,
				F29A6FC12148BD5B00A2653E /* main.m */,
			);
			path = test;
			sourceTree = "<group>";
		};
		F29A6FCA2148BD5B00A2653E /* testTests */ = {
			isa = PBXGroup;
			children = (
				F29A6FCB2148BD5B00A2653E /* testTests.m */,
				F29A6FCD2148BD5B00A2653E /* Info.plist */,
			);
			path = testTests;
			sourceTree = "<group>";
		};
		F29A6FD52148BD5B00A2653E /* testUITests */ = {
			isa = PBXGroup;
			children = (
				F29A6FD62148BD5B00A2653E /* testUITests.m */,
				F29A6FD82148BD5B00A2653E /* Info.plist */,
			);
			path = testUITests;
			sourceTree = "<group>";
		};
/* End PBXGroup section */

/* Begin PBXNativeTarget section */
		F29A6FAE2148BD5400A2653E /* test */ = {
			isa = PBXNativeTarget;
			buildConfigurationList = F29A6FDB2148BD5B00A2653E /* Build configuration list for PBXNativeTarget "test" */;
			buildPhases = (
				F29A6FAB2148BD5400A2653E /* Sources */,
				F29A6FAC2148BD5400A2653E /* Frameworks */,
				F29A6FAD2148BD5400A2653E /* Resources */,
			);
			buildRules = (
			);
			dependencies = (
			);
			name = test;
			productName = test;
			productReference = F29A6FAF2148BD5400A2653E /* test.app */;
			productType = "com.apple.product-type.application";
		};
		F29A6FC62148BD5B00A2653E /* testTests */ = {
			isa = PBXNativeTarget;
			buildConfigurationList = F29A6FDE2148BD5B00A2653E /* Build configuration list for PBXNativeTarget "testTests" */;
			buildPhases = (
				F29A6FC32148BD5B00A2653E /* Sources */,
				F29A6FC42148BD5B00A2653E /* Frameworks */,
				F29A6FC52148BD5B00A2653E /* Resources */,
			);
			buildRules = (
			);
			dependencies = (
				F29A6FC92148BD5B00A2653E /* PBXTargetDependency */,
			);
			name = testTests;
			productName = testTests;
			productReference = F29A6FC72148BD5B00A2653E /* testTests.xctest */;
			productType = "com.apple.product-type.bundle.unit-test";
		};
		F29A6FD12148BD5B00A2653E /* testUITests */ = {
			isa = PBXNativeTarget;
			buildConfigurationList = F29A6FE12148BD5B00A2653E /* Build configuration list for PBXNativeTarget "testUITests" */;
			buildPhases = (
				F29A6FCE2148BD5B00A2653E /* Sources */,
				F29A6FCF2148BD5B00A2653E /* Frameworks */,
				F29A6FD02148BD5B00A2653E /* Resources */,
			);
			buildRules = (
			);
			dependencies = (
				F29A6FD42148BD5B00A2653E /* PBXTargetDependency */,
			);
			name = testUITests;
			productName = testUITests;
			productReference = F29A6FD22148BD5B00A2653E /* testUITests.xctest */;
			productType = "com.apple.product-type.bundle.ui-testing";
		};
/* End PBXNativeTarget section */

/* Begin PBXProject section */
		F29A6FA72148BD5400A2653E /* Project object */ = {
			isa = PBXProject;
			attributes = {
				LastUpgradeCheck = 0940;
				ORGANIZATIONNAME = QW;
				TargetAttributes = {
					F29A6FAE2148BD5400A2653E = {
						CreatedOnToolsVersion = 9.4.1;
					};
					F29A6FC62148BD5B00A2653E = {
						CreatedOnToolsVersion = 9.4.1;
						TestTargetID = F29A6FAE2148BD5400A2653E;
					};
					F29A6FD12148BD5B00A2653E = {
						CreatedOnToolsVersion = 9.4.1;
						TestTargetID = F29A6FAE2148BD5400A2653E;
					};
				};
			};
			buildConfigurationList = F29A6FAA2148BD5400A2653E /* Build configuration list for PBXProject "test" */;
			compatibilityVersion = "Xcode 9.3";
			developmentRegion = en;
			hasScannedForEncodings = 0;
			knownRegions = (
				en,
				Base,
			);
			mainGroup = F29A6FA62148BD5400A2653E;
			productRefGroup = F29A6FB02148BD5400A2653E /* Products */;
			projectDirPath = "";
			projectRoot = "";
			targets = (
				F29A6FAE2148BD5400A2653E /* test */,
				F29A6FC62148BD5B00A2653E /* testTests */,
				F29A6FD12148BD5B00A2653E /* testUITests */,
			);
		};
/* End PBXProject section */

/* Begin PBXResourcesBuildPhase section */
		F29A6FAD2148BD5400A2653E /* Resources */ = {
			isa = PBXResourcesBuildPhase;
			buildActionMask = 2147483647;
			files = (
				F29A6FBF2148BD5A00A2653E /* LaunchScreen.storyboard in Resources */,
				F29A6FBC2148BD5A00A2653E /* Assets.xcassets in Resources */,
				F29A6FBA2148BD5400A2653E /* Main.storyboard in Resources */,
			);
			runOnlyForDeploymentPostprocessing = 0;
		};
		F29A6FC52148BD5B00A2653E /* Resources */ = {
			isa = PBXResourcesBuildPhase;
			buildActionMask = 2147483647;
			files = (
			);
			runOnlyForDeploymentPostprocessing = 0;
		};
		F29A6FD02148BD5B00A2653E /* Resources */ = {
			isa = PBXResourcesBuildPhase;
			buildActionMask = 2147483647;
			files = (
			);
			runOnlyForDeploymentPostprocessing = 0;
		};
/* End PBXResourcesBuildPhase section */

/* Begin PBXSourcesBuildPhase section */
		F29A6FAB2148BD5400A2653E /* Sources */ = {
			isa = PBXSourcesBuildPhase;
			buildActionMask = 2147483647;
			files = (
				F29A6FB72148BD5400A2653E /* ViewController.m in Sources */,
				F29A6FC22148BD5B00A2653E /* main.m in Sources */,
				F29A6FB42148BD5400A2653E /* AppDelegate.m in Sources */,
			);
			runOnlyForDeploymentPostprocessing = 0;
		};
		F29A6FC32148BD5B00A2653E /* Sources */ = {
			isa = PBXSourcesBuildPhase;
			buildActionMask = 2147483647;
			files = (
				F29A6FCC2148BD5B00A2653E /* testTests.m in Sources */,
			);
			runOnlyForDeploymentPostprocessing = 0;
		};
		F29A6FCE2148BD5B00A2653E /* Sources */ = {
			isa = PBXSourcesBuildPhase;
			buildActionMask = 2147483647;
			files = (
				F29A6FD72148BD5B00A2653E /* testUITests.m in Sources */,
			);
			runOnlyForDeploymentPostprocessing = 0;
		};
/* End PBXSourcesBuildPhase section */

/* Begin PBXTargetDependency section */
		F29A6FC92148BD5B00A2653E /* PBXTargetDependency */ = {
			isa = PBXTargetDependency;
			target = F29A6FAE2148BD5400A2653E /* test */;
			targetProxy = F29A6FC82148BD5B00A2653E /* PBXContainerItemProxy */;
		};
		F29A6FD42148BD5B00A2653E /* PBXTargetDependency */ = {
			isa = PBXTargetDependency;
			target = F29A6FAE2148BD5400A2653E /* test */;
			targetProxy = F29A6FD32148BD5B00A2653E /* PBXContainerItemProxy */;
		};
/* End PBXTargetDependency section */

/* Begin PBXVariantGroup section */
		F29A6FB82148BD5400A2653E /* Main.storyboard */ = {
			isa = PBXVariantGroup;
			children = (
				F29A6FB92148BD5400A2653E /* Base */,
			);
			name = Main.storyboard;
			sourceTree = "<group>";
		};
		F29A6FBD2148BD5A00A2653E /* LaunchScreen.storyboard */ = {
			isa = PBXVariantGroup;
			children = (
				F29A6FBE2148BD5A00A2653E /* Base */,
			);
			name = LaunchScreen.storyboard;
			sourceTree = "<group>";
		};
/* End PBXVariantGroup section */

/* Begin XCBuildConfiguration section */
		F29A6FD92148BD5B00A2653E /* Debug */ = {
			isa = XCBuildConfiguration;
			buildSettings = {
				ALWAYS_SEARCH_USER_PATHS = NO;
				CLANG_ANALYZER_NONNULL = YES;
				CLANG_ANALYZER_NUMBER_OBJECT_CONVERSION = YES_AGGRESSIVE;
				CLANG_CXX_LANGUAGE_STANDARD = "gnu++14";
				CLANG_CXX_LIBRARY = "libc++";
				CLANG_ENABLE_MODULES = YES;
				CLANG_ENABLE_OBJC_ARC = YES;
				CLANG_ENABLE_OBJC_WEAK = YES;
				CLANG_WARN_BLOCK_CAPTURE_AUTORELEASING = YES;
				CLANG_WARN_BOOL_CONVERSION = YES;
				CLANG_WARN_COMMA = YES;
				CLANG_WARN_CONSTANT_CONVERSION = YES;
				CLANG_WARN_DEPRECATED_OBJC_IMPLEMENTATIONS = YES;
				CLANG_WARN_DIRECT_OBJC_ISA_USAGE = YES_ERROR;
				CLANG_WARN_DOCUMENTATION_COMMENTS = YES;
				CLANG_WARN_EMPTY_BODY = YES;
				CLANG_WARN_ENUM_CONVERSION = YES;
				CLANG_WARN_INFINITE_RECURSION = YES;
				CLANG_WARN_INT_CONVERSION = YES;
				CLANG_WARN_NON_LITERAL_NULL_CONVERSION = YES;
				CLANG_WARN_OBJC_IMPLICIT_RETAIN_SELF = YES;
				CLANG_WARN_OBJC_LITERAL_CONVERSION = YES;
				CLANG_WARN_OBJC_ROOT_CLASS = YES_ERROR;
				CLANG_WARN_RANGE_LOOP_ANALYSIS = YES;
				CLANG_WARN_STRICT_PROTOTYPES = YES;
				CLANG_WARN_SUSPICIOUS_MOVE = YES;
				CLANG_WARN_UNGUARDED_AVAILABILITY = YES_AGGRESSIVE;
				CLANG_WARN_UNREACHABLE_CODE = YES;
				CLANG_WARN__DUPLICATE_METHOD_MATCH = YES;
				CODE_SIGN_IDENTITY = "iPhone Developer";
				COPY_PHASE_STRIP = NO;
				DEBUG_INFORMATION_FORMAT = dwarf;
				ENABLE_STRICT_OBJC_MSGSEND = YES;
				ENABLE_TESTABILITY = YES;
				GCC_C_LANGUAGE_STANDARD = gnu11;
				GCC_DYNAMIC_NO_PIC = NO;
				GCC_NO_COMMON_BLOCKS = YES;
				GCC_OPTIMIZATION_LEVEL = 0;
				GCC_PREPROCESSOR_DEFINITIONS = (
					"DEBUG=1",
					"$(inherited)",
				);
				GCC_WARN_64_TO_32_BIT_CONVERSION = YES;
				GCC_WARN_ABOUT_RETURN_TYPE = YES_ERROR;
				GCC_WARN_UNDECLARED_SELECTOR = YES;
				GCC_WARN_UNINITIALIZED_AUTOS = YES_AGGRESSIVE;
				GCC_WARN_UNUSED_FUNCTION = YES;
				GCC_WARN_UNUSED_VARIABLE = YES;
				IPHONEOS_DEPLOYMENT_TARGET = 11.4;
				MTL_ENABLE_DEBUG_INFO = YES;
				ONLY_ACTIVE_ARCH = YES;
				SDKROOT = iphoneos;
			};
			name = Debug;
		};
		F29A6FDA2148BD5B00A2653E /* Release */ = {
			isa = XCBuildConfiguration;
			buildSettings = {
				ALWAYS_SEARCH_USER_PATHS = NO;
				CLANG_ANALYZER_NONNULL = YES;
				CLANG_ANALYZER_NUMBER_OBJECT_CONVERSION = YES_AGGRESSIVE;
				CLANG_CXX_LANGUAGE_STANDARD = "gnu++14";
				CLANG_CXX_LIBRARY = "libc++";
				CLANG_ENABLE_MODULES = YES;
				CLANG_ENABLE_OBJC_ARC = YES;
				CLANG_ENABLE_OBJC_WEAK = YES;
				CLANG_WARN_BLOCK_CAPTURE_AUTORELEASING = YES;
				CLANG_WARN_BOOL_CONVERSION = YES;
				CLANG_WARN_COMMA = YES;
				CLANG_WARN_CONSTANT_CONVERSION = YES;
				CLANG_WARN_DEPRECATED_OBJC_IMPLEMENTATIONS = YES;
				CLANG_WARN_DIRECT_OBJC_ISA_USAGE = YES_ERROR;
				CLANG_WARN_DOCUMENTATION_COMMENTS = YES;
				CLANG_WARN_EMPTY_BODY = YES;
				CLANG_WARN_ENUM_CONVERSION = YES;
				CLANG_WARN_INFINITE_RECURSION = YES;
				CLANG_WARN_INT_CONVERSION = YES;
				CLANG_WARN_NON_LITERAL_NULL_CONVERSION = YES;
				CLANG_WARN_OBJC_IMPLICIT_RETAIN_SELF = YES;
				CLANG_WARN_OBJC_LITERAL_CONVERSION = YES;
				CLANG_WARN_OBJC_ROOT_CLASS = YES_ERROR;
				CLANG_WARN_RANGE_LOOP_ANALYSIS = YES;
				CLANG_WARN_STRICT_PROTOTYPES = YES;
				CLANG_WARN_SUSPICIOUS_MOVE = YES;
				CLANG_WARN_UNGUARDED_AVAILABILITY = YES_AGGRESSIVE;
				CLANG_WARN_UNREACHABLE_CODE = YES;
				CLANG_WARN__DUPLICATE_METHOD_MATCH = YES;
				CODE_SIGN_IDENTITY = "iPhone Developer";
				COPY_PHASE_STRIP = NO;
				DEBUG_INFORMATION_FORMAT = "dwarf-with-dsym";
				ENABLE_NS_ASSERTIONS = NO;
				ENABLE_STRICT_OBJC_MSGSEND = YES;
				GCC_C_LANGUAGE_STANDARD = gnu11;
				GCC_NO_COMMON_BLOCKS = YES;
				GCC_WARN_64_TO_32_BIT_CONVERSION = YES;
				GCC_WARN_ABOUT_RETURN_TYPE = YES_ERROR;
				GCC_WARN_UNDECLARED_SELECTOR = YES;
				GCC_WARN_UNINITIALIZED_AUTOS = YES_AGGRESSIVE;
				GCC_WARN_UNUSED_FUNCTION = YES;
				GCC_WARN_UNUSED_VARIABLE = YES;
				IPHONEOS_DEPLOYMENT_TARGET = 11.4;
				MTL_ENABLE_DEBUG_INFO = NO;
				SDKROOT = iphoneos;
				VALIDATE_PRODUCT = YES;
			};
			name = Release;
		};
		F29A6FDC2148BD5B00A2653E /* Debug */ = {
			isa = XCBuildConfiguration;
			buildSettings = {
				ASSETCATALOG_COMPILER_APPICON_NAME = AppIcon;
				CODE_SIGN_STYLE = Automatic;
				DEVELOPMENT_TEAM = 2F2QF36RER;
				INFOPLIST_FILE = test/Info.plist;
				LD_RUNPATH_SEARCH_PATHS = (
					"$(inherited)",
					"@executable_path/Frameworks",
				);
				PRODUCT_BUNDLE_IDENTIFIER = com.jhzc.test;
				PRODUCT_NAME = "$(TARGET_NAME)";
				TARGETED_DEVICE_FAMILY = "1,2";
			};
			name = Debug;
		};
		F29A6FDD2148BD5B00A2653E /* Release */ = {
			isa = XCBuildConfiguration;
			buildSettings = {
				ASSETCATALOG_COMPILER_APPICON_NAME = AppIcon;
				CODE_SIGN_STYLE = Automatic;
				DEVELOPMENT_TEAM = 2F2QF36RER;
				INFOPLIST_FILE = test/Info.plist;
				LD_RUNPATH_SEARCH_PATHS = (
					"$(inherited)",
					"@executable_path/Frameworks",
				);
				PRODUCT_BUNDLE_IDENTIFIER = com.jhzc.test;
				PRODUCT_NAME = "$(TARGET_NAME)";
				TARGETED_DEVICE_FAMILY = "1,2";
			};
			name = Release;
		};
		F29A6FDF2148BD5B00A2653E /* Debug */ = {
			isa = XCBuildConfiguration;
			buildSettings = {
				BUNDLE_LOADER = "$(TEST_HOST)";
				CODE_SIGN_STYLE = Automatic;
				DEVELOPMENT_TEAM = 2F2QF36RER;
				INFOPLIST_FILE = testTests/Info.plist;
				LD_RUNPATH_SEARCH_PATHS = (
					"$(inherited)",
					"@executable_path/Frameworks",
					"@loader_path/Frameworks",
				);
				PRODUCT_BUNDLE_IDENTIFIER = com.jhzc.testTests;
				PRODUCT_NAME = "$(TARGET_NAME)";
				TARGETED_DEVICE_FAMILY = "1,2";
				TEST_HOST = "$(BUILT_PRODUCTS_DIR)/test.app/test";
			};
			name = Debug;
		};
		F29A6FE02148BD5B00A2653E /* Release */ = {
			isa = XCBuildConfiguration;
			buildSettings = {
				BUNDLE_LOADER = "$(TEST_HOST)";
				CODE_SIGN_STYLE = Automatic;
				DEVELOPMENT_TEAM = 2F2QF36RER;
				INFOPLIST_FILE = testTests/Info.plist;
				LD_RUNPATH_SEARCH_PATHS = (
					"$(inherited)",
					"@executable_path/Frameworks",
					"@loader_path/Frameworks",
				);
				PRODUCT_BUNDLE_IDENTIFIER = com.jhzc.testTests;
				PRODUCT_NAME = "$(TARGET_NAME)";
				TARGETED_DEVICE_FAMILY = "1,2";
				TEST_HOST = "$(BUILT_PRODUCTS_DIR)/test.app/test";
			};
			name = Release;
		};
		F29A6FE22148BD5B00A2653E /* Debug */ = {
			isa = XCBuildConfiguration;
			buildSettings = {
				CODE_SIGN_STYLE = Automatic;
				DEVELOPMENT_TEAM = 2F2QF36RER;
				INFOPLIST_FILE = testUITests/Info.plist;
				LD_RUNPATH_SEARCH_PATHS = (
					"$(inherited)",
					"@executable_path/Frameworks",
					"@loader_path/Frameworks",
				);
				PRODUCT_BUNDLE_IDENTIFIER = com.jhzc.testUITests;
				PRODUCT_NAME = "$(TARGET_NAME)";
				TARGETED_DEVICE_FAMILY = "1,2";
				TEST_TARGET_NAME = test;
			};
			name = Debug;
		};
		F29A6FE32148BD5B00A2653E /* Release */ = {
			isa = XCBuildConfiguration;
			buildSettings = {
				CODE_SIGN_STYLE = Automatic;
				DEVELOPMENT_TEAM = 2F2QF36RER;
				INFOPLIST_FILE = testUITests/Info.plist;
				LD_RUNPATH_SEARCH_PATHS = (
					"$(inherited)",
					"@executable_path/Frameworks",
					"@loader_path/Frameworks",
				);
				PRODUCT_BUNDLE_IDENTIFIER = com.jhzc.testUITests;
				PRODUCT_NAME = "$(TARGET_NAME)";
				TARGETED_DEVICE_FAMILY = "1,2";
				TEST_TARGET_NAME = test;
			};
			name = Release;
		};
/* End XCBuildConfiguration section */

/* Begin XCConfigurationList section */
		F29A6FAA2148BD5400A2653E /* Build configuration list for PBXProject "test" */ = {
			isa = XCConfigurationList;
			buildConfigurations = (
				F29A6FD92148BD5B00A2653E /* Debug */,
				F29A6FDA2148BD5B00A2653E /* Release */,
			);
			defaultConfigurationIsVisible = 0;
			defaultConfigurationName = Release;
		};
		F29A6FDB2148BD5B00A2653E /* Build configuration list for PBXNativeTarget "test" */ = {
			isa = XCConfigurationList;
			buildConfigurations = (
				F29A6FDC2148BD5B00A2653E /* Debug */,
				F29A6FDD2148BD5B00A2653E /* Release */,
			);
			defaultConfigurationIsVisible = 0;
			defaultConfigurationName = Release;
		};
		F29A6FDE2148BD5B00A2653E /* Build configuration list for PBXNativeTarget "testTests" */ = {
			isa = XCConfigurationList;
			buildConfigurations = (
				F29A6FDF2148BD5B00A2653E /* Debug */,
				F29A6FE02148BD5B00A2653E /* Release */,
			);
			defaultConfigurationIsVisible = 0;
			defaultConfigurationName = Release;
		};
		F29A6FE12148BD5B00A2653E /* Build configuration list for PBXNativeTarget "testUITests" */ = {
			isa = XCConfigurationList;
			buildConfigurations = (
				F29A6FE22148BD5B00A2653E /* Debug */,
				F29A6FE32148BD5B00A2653E /* Release */,
			);
			defaultConfigurationIsVisible = 0;
			defaultConfigurationName = Release;
		};
/* End XCConfigurationList section */
	};
	rootObject = F29A6FA72148BD5400A2653E /* Project object */;
}
